// !$*UTF8*$!
{
	archiveVersion = 1;
	classes = {
	};
	objectVersion = 56;
	objects = {

/* Begin PBXBuildFile section */
		202E2C3D2D009DA2006CB55A /* FitnessappApp.swift in Sources */ = {isa = PBXBuildFile; fileRef = 202E2C3C2D009DA2006CB55A /* FitnessappApp.swift */; };
		202E2C3F2D009DA2006CB55A /* ContentView.swift in Sources */ = {isa = PBXBuildFile; fileRef = 202E2C3E2D009DA2006CB55A /* ContentView.swift */; };
		202E2C412D009DA4006CB55A /* Assets.xcassets in Resources */ = {isa = PBXBuildFile; fileRef = 202E2C402D009DA4006CB55A /* Assets.xcassets */; };
		202E2C4B2D014B4C006CB55A /* FitnessTabView.swift in Sources */ = {isa = PBXBuildFile; fileRef = 202E2C4A2D014B4C006CB55A /* FitnessTabView.swift */; };
		202E2C502D014CDC006CB55A /* HomeView.swift in Sources */ = {isa = PBXBuildFile; fileRef = 202E2C4F2D014CDC006CB55A /* HomeView.swift */; };
		202E2C522D014E6F006CB55A /* HistoricDataView.swift in Sources */ = {isa = PBXBuildFile; fileRef = 202E2C512D014E6F006CB55A /* HistoricDataView.swift */; };
		202E2C542D053937006CB55A /* ProgressCircleView.swift in Sources */ = {isa = PBXBuildFile; fileRef = 202E2C532D053937006CB55A /* ProgressCircleView.swift */; };
		202E2C562D056BB4006CB55A /* ActivityCard.swift in Sources */ = {isa = PBXBuildFile; fileRef = 202E2C552D056BB4006CB55A /* ActivityCard.swift */; };
		202E2C582D059DA9006CB55A /* WorkoutCard.swift in Sources */ = {isa = PBXBuildFile; fileRef = 202E2C572D059DA9006CB55A /* WorkoutCard.swift */; };
/* End PBXBuildFile section */

/* Begin PBXFileReference section */
		202E2C392D009DA2006CB55A /* Fitnessapp.app */ = {isa = PBXFileReference; explicitFileType = wrapper.application; includeInIndex = 0; path = Fitnessapp.app; sourceTree = BUILT_PRODUCTS_DIR; };
		202E2C3C2D009DA2006CB55A /* FitnessappApp.swift */ = {isa = PBXFileReference; lastKnownFileType = sourcecode.swift; path = FitnessappApp.swift; sourceTree = "<group>"; };
		202E2C3E2D009DA2006CB55A /* ContentView.swift */ = {isa = PBXFileReference; lastKnownFileType = sourcecode.swift; path = ContentView.swift; sourceTree = "<group>"; };
		202E2C402D009DA4006CB55A /* Assets.xcassets */ = {isa = PBXFileReference; lastKnownFileType = folder.assetcatalog; path = Assets.xcassets; sourceTree = "<group>"; };
		202E2C4A2D014B4C006CB55A /* FitnessTabView.swift */ = {isa = PBXFileReference; lastKnownFileType = sourcecode.swift; path = FitnessTabView.swift; sourceTree = "<group>"; };
		202E2C4F2D014CDC006CB55A /* HomeView.swift */ = {isa = PBXFileReference; lastKnownFileType = sourcecode.swift; path = HomeView.swift; sourceTree = "<group>"; };
		202E2C512D014E6F006CB55A /* HistoricDataView.swift */ = {isa = PBXFileReference; lastKnownFileType = sourcecode.swift; path = HistoricDataView.swift; sourceTree = "<group>"; };
		202E2C532D053937006CB55A /* ProgressCircleView.swift */ = {isa = PBXFileReference; lastKnownFileType = sourcecode.swift; path = ProgressCircleView.swift; sourceTree = "<group>"; };
		202E2C552D056BB4006CB55A /* ActivityCard.swift */ = {isa = PBXFileReference; lastKnownFileType = sourcecode.swift; path = ActivityCard.swift; sourceTree = "<group>"; };
		202E2C572D059DA9006CB55A /* WorkoutCard.swift */ = {isa = PBXFileReference; lastKnownFileType = sourcecode.swift; path = WorkoutCard.swift; sourceTree = "<group>"; };
/* End PBXFileReference section */

/* Begin PBXFrameworksBuildPhase section */
		202E2C362D009DA2006CB55A /* Frameworks */ = {
			isa = PBXFrameworksBuildPhase;
			buildActionMask = 2147483647;
			files = (
			);
			runOnlyForDeploymentPostprocessing = 0;
		};
/* End PBXFrameworksBuildPhase section */

/* Begin PBXGroup section */
		202E2C302D009DA1006CB55A = {
			isa = PBXGroup;
			children = (
				202E2C3B2D009DA2006CB55A /* Fitnessapp */,
				202E2C3A2D009DA2006CB55A /* Products */,
			);
			sourceTree = "<group>";
		};
		202E2C3A2D009DA2006CB55A /* Products */ = {
			isa = PBXGroup;
			children = (
				202E2C392D009DA2006CB55A /* Fitnessapp.app */,
			);
			name = Products;
			sourceTree = "<group>";
		};
		202E2C3B2D009DA2006CB55A /* Fitnessapp */ = {
			isa = PBXGroup;
			children = (
				202E2C3C2D009DA2006CB55A /* FitnessappApp.swift */,
				202E2C3E2D009DA2006CB55A /* ContentView.swift */,
				202E2C402D009DA4006CB55A /* Assets.xcassets */,
				202E2C422D009DA4006CB55A /* Preview Content */,
				202E2C4A2D014B4C006CB55A /* FitnessTabView.swift */,
				202E2C4F2D014CDC006CB55A /* HomeView.swift */,
				202E2C512D014E6F006CB55A /* HistoricDataView.swift */,
				202E2C532D053937006CB55A /* ProgressCircleView.swift */,
				202E2C552D056BB4006CB55A /* ActivityCard.swift */,
				202E2C572D059DA9006CB55A /* WorkoutCard.swift */,
			);
			path = Fitnessapp;
			sourceTree = "<group>";
		};
		202E2C422D009DA4006CB55A /* Preview Content */ = {
			isa = PBXGroup;
			children = (
			);
			path = "Preview Content";
			sourceTree = "<group>";
		};
/* End PBXGroup section */

/* Begin PBXNativeTarget section */
		202E2C382D009DA2006CB55A /* Fitnessapp */ = {
			isa = PBXNativeTarget;
			buildConfigurationList = 202E2C472D009DA4006CB55A /* Build configuration list for PBXNativeTarget "Fitnessapp" */;
			buildPhases = (
				202E2C352D009DA2006CB55A /* Sources */,
				202E2C362D009DA2006CB55A /* Frameworks */,
				202E2C372D009DA2006CB55A /* Resources */,
			);
			buildRules = (
			);
			dependencies = (
			);
			name = Fitnessapp;
			productName = Fitnessapp;
			productReference = 202E2C392D009DA2006CB55A /* Fitnessapp.app */;
			productType = "com.apple.product-type.application";
		};
/* End PBXNativeTarget section */

/* Begin PBXProject section */
		202E2C312D009DA1006CB55A /* Project object */ = {
			isa = PBXProject;
			attributes = {
				BuildIndependentTargetsInParallel = 1;
				LastSwiftUpdateCheck = 1500;
				LastUpgradeCheck = 1500;
				TargetAttributes = {
					202E2C382D009DA2006CB55A = {
						CreatedOnToolsVersion = 15.0;
					};
				};
			};
			buildConfigurationList = 202E2C342D009DA1006CB55A /* Build configuration list for PBXProject "Fitnessapp" */;
			compatibilityVersion = "Xcode 14.0";
			developmentRegion = en;
			hasScannedForEncodings = 0;
			knownRegions = (
				en,
				Base,
			);
			mainGroup = 202E2C302D009DA1006CB55A;
			productRefGroup = 202E2C3A2D009DA2006CB55A /* Products */;
			projectDirPath = "";
			projectRoot = "";
			targets = (
				202E2C382D009DA2006CB55A /* Fitnessapp */,
			);
		};
/* End PBXProject section */

/* Begin PBXResourcesBuildPhase section */
		202E2C372D009DA2006CB55A /* Resources */ = {
			isa = PBXResourcesBuildPhase;
			buildActionMask = 2147483647;
			files = (
				202E2C412D009DA4006CB55A /* Assets.xcassets in Resources */,
			);
			runOnlyForDeploymentPostprocessing = 0;
		};
/* End PBXResourcesBuildPhase section */

/* Begin PBXSourcesBuildPhase section */
		202E2C352D009DA2006CB55A /* Sources */ = {
			isa = PBXSourcesBuildPhase;
			buildActionMask = 2147483647;
			files = (
				202E2C4B2D014B4C006CB55A /* FitnessTabView.swift in Sources */,
				202E2C582D059DA9006CB55A /* WorkoutCard.swift in Sources */,
				202E2C542D053937006CB55A /* ProgressCircleView.swift in Sources */,
				202E2C502D014CDC006CB55A /* HomeView.swift in Sources */,
				202E2C522D014E6F006CB55A /* HistoricDataView.swift in Sources */,
				202E2C3F2D009DA2006CB55A /* ContentView.swift in Sources */,
				202E2C562D056BB4006CB55A /* ActivityCard.swift in Sources */,
				202E2C3D2D009DA2006CB55A /* FitnessappApp.swift in Sources */,
			);
			runOnlyForDeploymentPostprocessing = 0;
		};
/* End PBXSourcesBuildPhase section */

/* Begin XCBuildConfiguration section */
		202E2C452D009DA4006CB55A /* Debug */ = {
			isa = XCBuildConfiguration;
			buildSettings = {
				ALWAYS_SEARCH_USER_PATHS = NO;
				ASSETCATALOG_COMPILER_GENERATE_SWIFT_ASSET_SYMBOL_EXTENSIONS = YES;
				CLANG_ANALYZER_NONNULL = YES;
				CLANG_ANALYZER_NUMBER_OBJECT_CONVERSION = YES_AGGRESSIVE;
				CLANG_CXX_LANGUAGE_STANDARD = "gnu++20";
				CLANG_ENABLE_MODULES = YES;
				CLANG_ENABLE_OBJC_ARC = YES;
				CLANG_ENABLE_OBJC_WEAK = YES;
				CLANG_WARN_BLOCK_CAPTURE_AUTORELEASING = YES;
				CLANG_WARN_BOOL_CONVERSION = YES;
				CLANG_WARN_COMMA = YES;
				CLANG_WARN_CONSTANT_CONVERSION = YES;
				CLANG_WARN_DEPRECATED_OBJC_IMPLEMENTATIONS = YES;
				CLANG_WARN_DIRECT_OBJC_ISA_USAGE = YES_ERROR;
				CLANG_WARN_DOCUMENTATION_COMMENTS = YES;
				CLANG_WARN_EMPTY_BODY = YES;
				CLANG_WARN_ENUM_CONVERSION = YES;
				CLANG_WARN_INFINITE_RECURSION = YES;
				CLANG_WARN_INT_CONVERSION = YES;
				CLANG_WARN_NON_LITERAL_NULL_CONVERSION = YES;
				CLANG_WARN_OBJC_IMPLICIT_RETAIN_SELF = YES;
				CLANG_WARN_OBJC_LITERAL_CONVERSION = YES;
				CLANG_WARN_OBJC_ROOT_CLASS = YES_ERROR;
				CLANG_WARN_QUOTED_INCLUDE_IN_FRAMEWORK_HEADER = YES;
				CLANG_WARN_RANGE_LOOP_ANALYSIS = YES;
				CLANG_WARN_STRICT_PROTOTYPES = YES;
				CLANG_WARN_SUSPICIOUS_MOVE = YES;
				CLANG_WARN_UNGUARDED_AVAILABILITY = YES_AGGRESSIVE;
				CLANG_WARN_UNREACHABLE_CODE = YES;
				CLANG_WARN__DUPLICATE_METHOD_MATCH = YES;
				COPY_PHASE_STRIP = NO;
				DEBUG_INFORMATION_FORMAT = dwarf;
				ENABLE_STRICT_OBJC_MSGSEND = YES;
				ENABLE_TESTABILITY = YES;
				ENABLE_USER_SCRIPT_SANDBOXING = YES;
				GCC_C_LANGUAGE_STANDARD = gnu17;
				GCC_DYNAMIC_NO_PIC = NO;
				GCC_NO_COMMON_BLOCKS = YES;
				GCC_OPTIMIZATION_LEVEL = 0;
				GCC_PREPROCESSOR_DEFINITIONS = (
					"DEBUG=1",
					"$(inherited)",
				);
				GCC_WARN_64_TO_32_BIT_CONVERSION = YES;
				GCC_WARN_ABOUT_RETURN_TYPE = YES_ERROR;
				GCC_WARN_UNDECLARED_SELECTOR = YES;
				GCC_WARN_UNINITIALIZED_AUTOS = YES_AGGRESSIVE;
				GCC_WARN_UNUSED_FUNCTION = YES;
				GCC_WARN_UNUSED_VARIABLE = YES;
				IPHONEOS_DEPLOYMENT_TARGET = 17.0;
				LOCALIZATION_PREFERS_STRING_CATALOGS = YES;
				MTL_ENABLE_DEBUG_INFO = INCLUDE_SOURCE;
				MTL_FAST_MATH = YES;
				ONLY_ACTIVE_ARCH = YES;
				SDKROOT = iphoneos;
				SWIFT_ACTIVE_COMPILATION_CONDITIONS = "DEBUG $(inherited)";
				SWIFT_OPTIMIZATION_LEVEL = "-Onone";
			};
			name = Debug;
		};
		202E2C462D009DA4006CB55A /* Release */ = {
			isa = XCBuildConfiguration;
			buildSettings = {
				ALWAYS_SEARCH_USER_PATHS = NO;
				ASSETCATALOG_COMPILER_GENERATE_SWIFT_ASSET_SYMBOL_EXTENSIONS = YES;
				CLANG_ANALYZER_NONNULL = YES;
				CLANG_ANALYZER_NUMBER_OBJECT_CONVERSION = YES_AGGRESSIVE;
				CLANG_CXX_LANGUAGE_STANDARD = "gnu++20";
				CLANG_ENABLE_MODULES = YES;
				CLANG_ENABLE_OBJC_ARC = YES;
				CLANG_ENABLE_OBJC_WEAK = YES;
				CLANG_WARN_BLOCK_CAPTURE_AUTORELEASING = YES;
				CLANG_WARN_BOOL_CONVERSION = YES;
				CLANG_WARN_COMMA = YES;
				CLANG_WARN_CONSTANT_CONVERSION = YES;
				CLANG_WARN_DEPRECATED_OBJC_IMPLEMENTATIONS = YES;
				CLANG_WARN_DIRECT_OBJC_ISA_USAGE = YES_ERROR;
				CLANG_WARN_DOCUMENTATION_COMMENTS = YES;
				CLANG_WARN_EMPTY_BODY = YES;
				CLANG_WARN_ENUM_CONVERSION = YES;
				CLANG_WARN_INFINITE_RECURSION = YES;
				CLANG_WARN_INT_CONVERSION = YES;
				CLANG_WARN_NON_LITERAL_NULL_CONVERSION = YES;
				CLANG_WARN_OBJC_IMPLICIT_RETAIN_SELF = YES;
				CLANG_WARN_OBJC_LITERAL_CONVERSION = YES;
				CLANG_WARN_OBJC_ROOT_CLASS = YES_ERROR;
				CLANG_WARN_QUOTED_INCLUDE_IN_FRAMEWORK_HEADER = YES;
				CLANG_WARN_RANGE_LOOP_ANALYSIS = YES;
				CLANG_WARN_STRICT_PROTOTYPES = YES;
				CLANG_WARN_SUSPICIOUS_MOVE = YES;
				CLANG_WARN_UNGUARDED_AVAILABILITY = YES_AGGRESSIVE;
				CLANG_WARN_UNREACHABLE_CODE = YES;
				CLANG_WARN__DUPLICATE_METHOD_MATCH = YES;
				COPY_PHASE_STRIP = NO;
				DEBUG_INFORMATION_FORMAT = "dwarf-with-dsym";
				ENABLE_NS_ASSERTIONS = NO;
				ENABLE_STRICT_OBJC_MSGSEND = YES;
				ENABLE_USER_SCRIPT_SANDBOXING = YES;
				GCC_C_LANGUAGE_STANDARD = gnu17;
				GCC_NO_COMMON_BLOCKS = YES;
				GCC_WARN_64_TO_32_BIT_CONVERSION = YES;
				GCC_WARN_ABOUT_RETURN_TYPE = YES_ERROR;
				GCC_WARN_UNDECLARED_SELECTOR = YES;
				GCC_WARN_UNINITIALIZED_AUTOS = YES_AGGRESSIVE;
				GCC_WARN_UNUSED_FUNCTION = YES;
				GCC_WARN_UNUSED_VARIABLE = YES;
				IPHONEOS_DEPLOYMENT_TARGET = 17.0;
				LOCALIZATION_PREFERS_STRING_CATALOGS = YES;
				MTL_ENABLE_DEBUG_INFO = NO;
				MTL_FAST_MATH = YES;
				SDKROOT = iphoneos;
				SWIFT_COMPILATION_MODE = wholemodule;
				VALIDATE_PRODUCT = YES;
			};
			name = Release;
		};
		202E2C482D009DA4006CB55A /* Debug */ = {
			isa = XCBuildConfiguration;
			buildSettings = {
				ASSETCATALOG_COMPILER_APPICON_NAME = AppIcon;
				ASSETCATALOG_COMPILER_GLOBAL_ACCENT_COLOR_NAME = AccentColor;
				CODE_SIGN_STYLE = Automatic;
				CURRENT_PROJECT_VERSION = 1;
				DEVELOPMENT_ASSET_PATHS = "\"Fitnessapp/Preview Content\"";
				DEVELOPMENT_TEAM = Z79558PVAS;
				ENABLE_PREVIEWS = YES;
				GENERATE_INFOPLIST_FILE = YES;
				INFOPLIST_KEY_UIApplicationSceneManifest_Generation = YES;
				INFOPLIST_KEY_UIApplicationSupportsIndirectInputEvents = YES;
				INFOPLIST_KEY_UILaunchScreen_Generation = YES;
				INFOPLIST_KEY_UISupportedInterfaceOrientations_iPad = "UIInterfaceOrientationPortrait UIInterfaceOrientationPortraitUpsideDown UIInterfaceOrientationLandscapeLeft UIInterfaceOrientationLandscapeRight";
				INFOPLIST_KEY_UISupportedInterfaceOrientations_iPhone = "UIInterfaceOrientationPortrait UIInterfaceOrientationLandscapeLeft UIInterfaceOrientationLandscapeRight";
				LD_RUNPATH_SEARCH_PATHS = (
					"$(inherited)",
					"@executable_path/Frameworks",
				);
				MARKETING_VERSION = 1.0;
				PRODUCT_BUNDLE_IDENTIFIER = com.codewithsieg.Fitnessapp;
				PRODUCT_NAME = "$(TARGET_NAME)";
				SWIFT_EMIT_LOC_STRINGS = YES;
				SWIFT_VERSION = 5.0;
				TARGETED_DEVICE_FAMILY = "1,2";
			};
			name = Debug;
		};
		202E2C492D009DA4006CB55A /* Release */ = {
			isa = XCBuildConfiguration;
			buildSettings = {
				ASSETCATALOG_COMPILER_APPICON_NAME = AppIcon;
				ASSETCATALOG_COMPILER_GLOBAL_ACCENT_COLOR_NAME = AccentColor;
				CODE_SIGN_STYLE = Automatic;
				CURRENT_PROJECT_VERSION = 1;
				DEVELOPMENT_ASSET_PATHS = "\"Fitnessapp/Preview Content\"";
				DEVELOPMENT_TEAM = Z79558PVAS;
				ENABLE_PREVIEWS = YES;
				GENERATE_INFOPLIST_FILE = YES;
				INFOPLIST_KEY_UIApplicationSceneManifest_Generation = YES;
				INFOPLIST_KEY_UIApplicationSupportsIndirectInputEvents = YES;
				INFOPLIST_KEY_UILaunchScreen_Generation = YES;
				INFOPLIST_KEY_UISupportedInterfaceOrientations_iPad = "UIInterfaceOrientationPortrait UIInterfaceOrientationPortraitUpsideDown UIInterfaceOrientationLandscapeLeft UIInterfaceOrientationLandscapeRight";
				INFOPLIST_KEY_UISupportedInterfaceOrientations_iPhone = "UIInterfaceOrientationPortrait UIInterfaceOrientationLandscapeLeft UIInterfaceOrientationLandscapeRight";
				LD_RUNPATH_SEARCH_PATHS = (
					"$(inherited)",
					"@executable_path/Frameworks",
				);
				MARKETING_VERSION = 1.0;
				PRODUCT_BUNDLE_IDENTIFIER = com.codewithsieg.Fitnessapp;
				PRODUCT_NAME = "$(TARGET_NAME)";
				SWIFT_EMIT_LOC_STRINGS = YES;
				SWIFT_VERSION = 5.0;
				TARGETED_DEVICE_FAMILY = "1,2";
			};
			name = Release;
		};
/* End XCBuildConfiguration section */

/* Begin XCConfigurationList section */
		202E2C342D009DA1006CB55A /* Build configuration list for PBXProject "Fitnessapp" */ = {
			isa = XCConfigurationList;
			buildConfigurations = (
				202E2C452D009DA4006CB55A /* Debug */,
				202E2C462D009DA4006CB55A /* Release */,
			);
			defaultConfigurationIsVisible = 0;
			defaultConfigurationName = Release;
		};
		202E2C472D009DA4006CB55A /* Build configuration list for PBXNativeTarget "Fitnessapp" */ = {
			isa = XCConfigurationList;
			buildConfigurations = (
				202E2C482D009DA4006CB55A /* Debug */,
				202E2C492D009DA4006CB55A /* Release */,
			);
			defaultConfigurationIsVisible = 0;
			defaultConfigurationName = Release;
		};
/* End XCConfigurationList section */
	};
	rootObject = 202E2C312D009DA1006CB55A /* Project object */;
}
